{
  "name": "flow-base-rails",
  "version": "1.0.0",
  "lockfileVersion": 2,
  "requires": true,
  "packages": {
    "": {
      "name": "flow-base-rails",
      "version": "1.0.0",
      "license": "ISC",
      "dependencies": {
        "bootstrap": "^4.0.0-beta.2",
        "dom-factory": "1.0.0-alpha.7",
        "jquery": "^3.2.1",
        "material-design-icons-iconfont": "^3.0.3",
        "material-design-kit": "1.0.0-alpha.17",
        "popper.js": "^1.12.5"
      }
    },
    "node_modules/bootstrap": {
      "version": "4.0.0-beta.2",
      "resolved": "https://registry.npmjs.org/bootstrap/-/bootstrap-4.0.0-beta.2.tgz",
      "integrity": "sha512-DzGtdTlKbrMoGMpz0LigKSqJ+MgtFKxA791PU/q062OlRG0HybNZcTLH7rpDAmLS66Y3esN9yzKHLLbqa5UR3w==",
      "engines": {
        "node": ">=6"
      },
      "peerDependencies": {
        "jquery": "1.9.1 - 3",
        "popper.js": "^1.12.3"
      }
    },
    "node_modules/dom-factory": {
      "version": "1.0.0-alpha.7",
      "resolved": "https://registry.npmjs.org/dom-factory/-/dom-factory-1.0.0-alpha.7.tgz",
      "integrity": "sha512-m/ecXZ/6jA6hq0cUqDYif5DdOS4d74yBWUr8OIFEv4nkNYHo0KwxsHXFO1uAzKGIQ6VgMa3rPXcSOwsIQ7RqSg=="
    },
    "node_modules/jquery": {
      "version": "3.6.0",
      "resolved": "https://registry.npmjs.org/jquery/-/jquery-3.6.0.tgz",
      "integrity": "sha512-JVzAR/AjBvVt2BmYhxRCSYysDsPcssdmTFnzyLEts9qNwmjmu4JTAMYubEfwVOSwpQ1I1sKKFcxhZCI2buerfw=="
    },
    "node_modules/material-design-icons-iconfont": {
      "version": "3.0.3",
      "resolved": "https://registry.npmjs.org/material-design-icons-iconfont/-/material-design-icons-iconfont-3.0.3.tgz",
      "integrity": "sha1-FUoQhAR9Ticjf6f1o34Qdc7qbfI="
    },
    "node_modules/material-design-kit": {
      "version": "1.0.0-alpha.17",
      "resolved": "https://registry.npmjs.org/material-design-kit/-/material-design-kit-1.0.0-alpha.17.tgz",
      "integrity": "sha512-3LFI2HUIImcKBNp7CvyE97zkSidrHzP5LobOixaqJjJiEuPcl3yP7dB6ViFTEktdIe3VhSdXrPofaF6DcfWYOA==",
      "peerDependencies": {
        "dom-factory": "^1.0.0-alpha.6"
      }
    },
    "node_modules/popper.js": {
      "version": "1.12.9",
      "resolved": "https://registry.npmjs.org/popper.js/-/popper.js-1.12.9.tgz",
      "integrity": "sha1-DfvC3/lsRRuzMu3Pz6r1ZtMx1bM=",
      "deprecated": "You can find the new Popper v2 at @popperjs/core, this package is dedicated to the legacy v1"
    }
  },
  "dependencies": {
    "bootstrap": {
      "version": "4.0.0-beta.2",
      "resolved": "https://registry.npmjs.org/bootstrap/-/bootstrap-4.0.0-beta.2.tgz",
      "integrity": "sha512-DzGtdTlKbrMoGMpz0LigKSqJ+MgtFKxA791PU/q062OlRG0HybNZcTLH7rpDAmLS66Y3esN9yzKHLLbqa5UR3w==",
      "requires": {}
    },
    "dom-factory": {
      "version": "1.0.0-alpha.7",
      "resolved": "https://registry.npmjs.org/dom-factory/-/dom-factory-1.0.0-alpha.7.tgz",
      "integrity": "sha512-m/ecXZ/6jA6hq0cUqDYif5DdOS4d74yBWUr8OIFEv4nkNYHo0KwxsHXFO1uAzKGIQ6VgMa3rPXcSOwsIQ7RqSg=="
    },
    "jquery": {
      "version": "3.6.0",
      "resolved": "https://registry.npmjs.org/jquery/-/jquery-3.6.0.tgz",
      "integrity": "sha512-JVzAR/AjBvVt2BmYhxRCSYysDsPcssdmTFnzyLEts9qNwmjmu4JTAMYubEfwVOSwpQ1I1sKKFcxhZCI2buerfw=="
    },
    "material-design-icons-iconfont": {
      "version": "3.0.3",
      "resolved": "https://registry.npmjs.org/material-design-icons-iconfont/-/material-design-icons-iconfont-3.0.3.tgz",
      "integrity": "sha1-FUoQhAR9Ticjf6f1o34Qdc7qbfI="
    },
    "material-design-kit": {
      "version": "1.0.0-alpha.17",
      "resolved": "https://registry.npmjs.org/material-design-kit/-/material-design-kit-1.0.0-alpha.17.tgz",
      "integrity": "sha512-3LFI2HUIImcKBNp7CvyE97zkSidrHzP5LobOixaqJjJiEuPcl3yP7dB6ViFTEktdIe3VhSdXrPofaF6DcfWYOA==",
      "requires": {}
    },
    "popper.js": {
      "version": "1.12.9",
      "resolved": "https://registry.npmjs.org/popper.js/-/popper.js-1.12.9.tgz",
      "integrity": "sha1-DfvC3/lsRRuzMu3Pz6r1ZtMx1bM="
    }
  }
}
